# Generated by build.sh -- pins for a reproducible rebuild (./build.sh --reproduce)
# NOTE: LLAMA_COMMIT is the head of the UNMERGED upstream PR ggml-org/llama.cpp#28243
# ("models: Qwen3.8-Flash-Next MTP"; same commit as danielhanchen/llama.cpp qwen4exp/mtp),
# not a release tag. Move to the first release tag containing it once #28243 lands.
# Previous pin (rollback image llama-spark:ba360efe): b10375 / ba360efe1f574ebae727aad64112d18ecedca85a
BASE_DIGEST="nvidia/cuda@sha256:b7ae301dea2c162444795462ce17a05f6a516e5a75944b57af5b88540a1a2266"
LLAMA_REF="d1a92352cbd417fd840b4e765c0b82f5fe3d1d89"
LLAMA_COMMIT="d1a92352cbd417fd840b4e765c0b82f5fe3d1d89"
CUDA_ARCH="121a"
BUILD_UI="ON"
